
Microsoft Visual Studio Solution File, Format Version 12.00
# Visual Studio Version 17
VisualStudioVersion = 17.9.34701.34
MinimumVisualStudioVersion = 10.0.40219.1
Project("{FAE04EC0-301F-11D3-BF4B-00C04F79EFBC}") = "MagicVilla_API", "MagicVilla_API\MagicVilla_API.csproj", "{6C459040-DB50-4041-8225-18F87DB220D8}"
EndProject
Global
	GlobalSection(SolutionConfigurationPlatforms) = preSolution
		Debug|Any CPU = Debug|Any CPU
		Release|Any CPU = Release|Any CPU
	EndGlobalSection
	GlobalSection(ProjectConfigurationPlatforms) = postSolution
		{6C459040-DB50-4041-8225-18F87DB220D8}.Debug|Any CPU.ActiveCfg = Debug|Any CPU
		{6C459040-DB50-4041-8225-18F87DB220D8}.Debug|Any CPU.Build.0 = Debug|Any CPU
		{6C459040-DB50-4041-8225-18F87DB220D8}.Release|Any CPU.ActiveCfg = Release|Any CPU
		{6C459040-DB50-4041-8225-18F87DB220D8}.Release|Any CPU.Build.0 = Release|Any CPU
	EndGlobalSection
	GlobalSection(SolutionProperties) = preSolution
		HideSolutionNode = FALSE
	EndGlobalSection
	GlobalSection(ExtensibilityGlobals) = postSolution
		SolutionGuid = {7F0F56C8-9A72-4991-9AA4-1F7129C871E3}
	EndGlobalSection
EndGlobal
